
Microsoft Visual Studio Solution File, Format Version 12.00
Project("{FAE04EC0-301F-11D3-BF4B-00C04F79EFBC}") = "BlazorUiKit", "BlazorUiKit.csproj", "{734AB1E0-105F-42DB-9C7A-EE4273079F43}"
EndProject
Global
	GlobalSection(SolutionConfigurationPlatforms) = preSolution
		Debug|Any CPU = Debug|Any CPU
		Release|Any CPU = Release|Any CPU
	EndGlobalSection
	GlobalSection(ProjectConfigurationPlatforms) = postSolution
		{734AB1E0-105F-42DB-9C7A-EE4273079F43}.Debug|Any CPU.ActiveCfg = Debug|Any CPU
		{734AB1E0-105F-42DB-9C7A-EE4273079F43}.Debug|Any CPU.Build.0 = Debug|Any CPU
		{734AB1E0-105F-42DB-9C7A-EE4273079F43}.Release|Any CPU.ActiveCfg = Release|Any CPU
		{734AB1E0-105F-42DB-9C7A-EE4273079F43}.Release|Any CPU.Build.0 = Release|Any CPU
	EndGlobalSection
EndGlobal
